
Microsoft Visual Studio Solution File, Format Version 12.00
# Visual Studio Version 16
VisualStudioVersion = 16.0.30114.105
MinimumVisualStudioVersion = 10.0.40219.1
Project("{FAE04EC0-301F-11D3-BF4B-00C04F79EFBC}") = "HostApp", "HostApp\HostApp.csproj", "{A685144D-D7E0-461A-99BC-CDAE25872260}"
EndProject
Project("{F2A71F9B-5D33-465A-A702-920D77279786}") = "PluginLib", "PluginLib\PluginLib.fsproj", "{03001F6D-7AE2-4711-B0C3-05A23068E885}"
EndProject
Global
	GlobalSection(SolutionConfigurationPlatforms) = preSolution
		Debug|Any CPU = Debug|Any CPU
		Release|Any CPU = Release|Any CPU
	EndGlobalSection
	GlobalSection(SolutionProperties) = preSolution
		HideSolutionNode = FALSE
	EndGlobalSection
	GlobalSection(ProjectConfigurationPlatforms) = postSolution
		{A685144D-D7E0-461A-99BC-CDAE25872260}.Debug|Any CPU.ActiveCfg = Debug|Any CPU
		{A685144D-D7E0-461A-99BC-CDAE25872260}.Debug|Any CPU.Build.0 = Debug|Any CPU
		{A685144D-D7E0-461A-99BC-CDAE25872260}.Release|Any CPU.ActiveCfg = Release|Any CPU
		{A685144D-D7E0-461A-99BC-CDAE25872260}.Release|Any CPU.Build.0 = Release|Any CPU
		{03001F6D-7AE2-4711-B0C3-05A23068E885}.Debug|Any CPU.ActiveCfg = Debug|Any CPU
		{03001F6D-7AE2-4711-B0C3-05A23068E885}.Debug|Any CPU.Build.0 = Debug|Any CPU
		{03001F6D-7AE2-4711-B0C3-05A23068E885}.Release|Any CPU.ActiveCfg = Release|Any CPU
		{03001F6D-7AE2-4711-B0C3-05A23068E885}.Release|Any CPU.Build.0 = Release|Any CPU
	EndGlobalSection
EndGlobal
